
Microsoft Visual Studio Solution File, Format Version 12.00
# Visual Studio Version 17
VisualStudioVersion = 17.14.36401.2 d17.14
MinimumVisualStudioVersion = 10.0.40219.1
Project("{FAE04EC0-301F-11D3-BF4B-00C04F79EFBC}") = "PPO_Proj_CS", "PPO_Proj_CS.csproj", "{8B8B985C-4FD5-43A0-A9E4-AF4C66F69FD6}"
EndProject
Global
	GlobalSection(SolutionConfigurationPlatforms) = preSolution
		Debug|Any CPU = Debug|Any CPU
		Release|Any CPU = Release|Any CPU
	EndGlobalSection
	GlobalSection(ProjectConfigurationPlatforms) = postSolution
		{8B8B985C-4FD5-43A0-A9E4-AF4C66F69FD6}.Debug|Any CPU.ActiveCfg = Debug|Any CPU
		{8B8B985C-4FD5-43A0-A9E4-AF4C66F69FD6}.Debug|Any CPU.Build.0 = Debug|Any CPU
		{8B8B985C-4FD5-43A0-A9E4-AF4C66F69FD6}.Release|Any CPU.ActiveCfg = Release|Any CPU
		{8B8B985C-4FD5-43A0-A9E4-AF4C66F69FD6}.Release|Any CPU.Build.0 = Release|Any CPU
	EndGlobalSection
	GlobalSection(SolutionProperties) = preSolution
		HideSolutionNode = FALSE
	EndGlobalSection
	GlobalSection(ExtensibilityGlobals) = postSolution
		SolutionGuid = {8732988E-1EAD-4098-AEBA-C24BE2C5E0F3}
	EndGlobalSection
EndGlobal
